
Microsoft Visual Studio Solution File, Format Version 12.00
# Visual Studio Version 17
VisualStudioVersion = 17.2.32616.157
MinimumVisualStudioVersion = 10.0.40219.1
Project("{FAE04EC0-301F-11D3-BF4B-00C04F79EFBC}") = "AppLogin.Android", "AppLogin.Android\AppLogin.Android.csproj", "{88954C0B-50E0-4714-9432-453AAE25E50C}"
EndProject
Project("{FAE04EC0-301F-11D3-BF4B-00C04F79EFBC}") = "AppLogin", "AppLogin\AppLogin.csproj", "{9915F168-E70B-45B1-8610-7EF27828846D}"
EndProject
Global
	GlobalSection(SolutionConfigurationPlatforms) = preSolution
		Debug|Any CPU = Debug|Any CPU
		Release|Any CPU = Release|Any CPU
	EndGlobalSection
	GlobalSection(ProjectConfigurationPlatforms) = postSolution
		{88954C0B-50E0-4714-9432-453AAE25E50C}.Debug|Any CPU.ActiveCfg = Debug|Any CPU
		{88954C0B-50E0-4714-9432-453AAE25E50C}.Debug|Any CPU.Build.0 = Debug|Any CPU
		{88954C0B-50E0-4714-9432-453AAE25E50C}.Debug|Any CPU.Deploy.0 = Debug|Any CPU
		{88954C0B-50E0-4714-9432-453AAE25E50C}.Release|Any CPU.ActiveCfg = Release|Any CPU
		{88954C0B-50E0-4714-9432-453AAE25E50C}.Release|Any CPU.Build.0 = Release|Any CPU
		{88954C0B-50E0-4714-9432-453AAE25E50C}.Release|Any CPU.Deploy.0 = Release|Any CPU
		{9915F168-E70B-45B1-8610-7EF27828846D}.Debug|Any CPU.ActiveCfg = Debug|Any CPU
		{9915F168-E70B-45B1-8610-7EF27828846D}.Debug|Any CPU.Build.0 = Debug|Any CPU
		{9915F168-E70B-45B1-8610-7EF27828846D}.Debug|Any CPU.Deploy.0 = Debug|Any CPU
		{9915F168-E70B-45B1-8610-7EF27828846D}.Release|Any CPU.ActiveCfg = Release|Any CPU
		{9915F168-E70B-45B1-8610-7EF27828846D}.Release|Any CPU.Build.0 = Release|Any CPU
		{9915F168-E70B-45B1-8610-7EF27828846D}.Release|Any CPU.Deploy.0 = Release|Any CPU
	EndGlobalSection
	GlobalSection(SolutionProperties) = preSolution
		HideSolutionNode = FALSE
	EndGlobalSection
	GlobalSection(ExtensibilityGlobals) = postSolution
		SolutionGuid = {C0BB998A-DECC-47DA-8CC0-C36451076F0F}
	EndGlobalSection
EndGlobal
